
Microsoft Visual Studio Solution File, Format Version 12.00
# Visual Studio Version 16
VisualStudioVersion = 16.0.30002.166
MinimumVisualStudioVersion = 10.0.40219.1
Project("{9A19103F-16F7-4668-BE54-9A1E7A4F7556}") = "QDP.Entity", "QDP.Entity\QDP.Entity.csproj", "{6952E06A-2E87-4438-8CDA-68FD9272BDBE}"
EndProject
Project("{9A19103F-16F7-4668-BE54-9A1E7A4F7556}") = "QDP.Web", "QDP.Web\QDP.Web.csproj", "{FF981720-83A2-4C51-95A8-950180ED032F}"
EndProject
Project("{FAE04EC0-301F-11D3-BF4B-00C04F79EFBC}") = "QDP.BLL", "QDP.BLL\QDP.BLL.csproj", "{B9748B1D-AECF-4D9D-9CFC-805A17657FD2}"
EndProject
Project("{FAE04EC0-301F-11D3-BF4B-00C04F79EFBC}") = "QDP.IBLL", "QDP.IBLL\QDP.IBLL.csproj", "{E4C3CBF4-B36F-4ACB-8862-6843932157E0}"
EndProject
Project("{FAE04EC0-301F-11D3-BF4B-00C04F79EFBC}") = "QDP.IDAL", "QDP.IDAL\QDP.IDAL.csproj", "{83F3CD38-D9A3-4611-B512-39BBF2400B9C}"
EndProject
Project("{FAE04EC0-301F-11D3-BF4B-00C04F79EFBC}") = "QDP.DAL", "QDP.DAL\QDP.DAL.csproj", "{C3956D73-D760-4EAE-8D84-FA3A59F4637A}"
EndProject
Global
	GlobalSection(SolutionConfigurationPlatforms) = preSolution
		Debug|Any CPU = Debug|Any CPU
		Release|Any CPU = Release|Any CPU
	EndGlobalSection
	GlobalSection(ProjectConfigurationPlatforms) = postSolution
		{6952E06A-2E87-4438-8CDA-68FD9272BDBE}.Debug|Any CPU.ActiveCfg = Debug|Any CPU
		{6952E06A-2E87-4438-8CDA-68FD9272BDBE}.Debug|Any CPU.Build.0 = Debug|Any CPU
		{6952E06A-2E87-4438-8CDA-68FD9272BDBE}.Release|Any CPU.ActiveCfg = Release|Any CPU
		{6952E06A-2E87-4438-8CDA-68FD9272BDBE}.Release|Any CPU.Build.0 = Release|Any CPU
		{FF981720-83A2-4C51-95A8-950180ED032F}.Debug|Any CPU.ActiveCfg = Debug|Any CPU
		{FF981720-83A2-4C51-95A8-950180ED032F}.Debug|Any CPU.Build.0 = Debug|Any CPU
		{FF981720-83A2-4C51-95A8-950180ED032F}.Release|Any CPU.ActiveCfg = Release|Any CPU
		{FF981720-83A2-4C51-95A8-950180ED032F}.Release|Any CPU.Build.0 = Release|Any CPU
		{B9748B1D-AECF-4D9D-9CFC-805A17657FD2}.Debug|Any CPU.ActiveCfg = Debug|Any CPU
		{B9748B1D-AECF-4D9D-9CFC-805A17657FD2}.Debug|Any CPU.Build.0 = Debug|Any CPU
		{B9748B1D-AECF-4D9D-9CFC-805A17657FD2}.Release|Any CPU.ActiveCfg = Release|Any CPU
		{B9748B1D-AECF-4D9D-9CFC-805A17657FD2}.Release|Any CPU.Build.0 = Release|Any CPU
		{E4C3CBF4-B36F-4ACB-8862-6843932157E0}.Debug|Any CPU.ActiveCfg = Debug|Any CPU
		{E4C3CBF4-B36F-4ACB-8862-6843932157E0}.Debug|Any CPU.Build.0 = Debug|Any CPU
		{E4C3CBF4-B36F-4ACB-8862-6843932157E0}.Release|Any CPU.ActiveCfg = Release|Any CPU
		{E4C3CBF4-B36F-4ACB-8862-6843932157E0}.Release|Any CPU.Build.0 = Release|Any CPU
		{83F3CD38-D9A3-4611-B512-39BBF2400B9C}.Debug|Any CPU.ActiveCfg = Debug|Any CPU
		{83F3CD38-D9A3-4611-B512-39BBF2400B9C}.Debug|Any CPU.Build.0 = Debug|Any CPU
		{83F3CD38-D9A3-4611-B512-39BBF2400B9C}.Release|Any CPU.ActiveCfg = Release|Any CPU
		{83F3CD38-D9A3-4611-B512-39BBF2400B9C}.Release|Any CPU.Build.0 = Release|Any CPU
		{C3956D73-D760-4EAE-8D84-FA3A59F4637A}.Debug|Any CPU.ActiveCfg = Debug|Any CPU
		{C3956D73-D760-4EAE-8D84-FA3A59F4637A}.Debug|Any CPU.Build.0 = Debug|Any CPU
		{C3956D73-D760-4EAE-8D84-FA3A59F4637A}.Release|Any CPU.ActiveCfg = Release|Any CPU
		{C3956D73-D760-4EAE-8D84-FA3A59F4637A}.Release|Any CPU.Build.0 = Release|Any CPU
	EndGlobalSection
	GlobalSection(SolutionProperties) = preSolution
		HideSolutionNode = FALSE
	EndGlobalSection
	GlobalSection(ExtensibilityGlobals) = postSolution
		SolutionGuid = {E2D38D5E-2E88-4A63-9E80-79802C453812}
	EndGlobalSection
EndGlobal
